
Microsoft Visual Studio Solution File, Format Version 12.00
# Visual Studio 15
VisualStudioVersion = 15.0.27703.2035
MinimumVisualStudioVersion = 10.0.40219.1
Project("{FAE04EC0-301F-11D3-BF4B-00C04F79EFBC}") = "SweepStakes", "SweepStakes\SweepStakes.csproj", "{7A2B0FB5-F5D3-4D0A-BDD4-9907060EB61A}"
EndProject
Global
	GlobalSection(SolutionConfigurationPlatforms) = preSolution
		Debug|Any CPU = Debug|Any CPU
		Release|Any CPU = Release|Any CPU
	EndGlobalSection
	GlobalSection(ProjectConfigurationPlatforms) = postSolution
		{7A2B0FB5-F5D3-4D0A-BDD4-9907060EB61A}.Debug|Any CPU.ActiveCfg = Debug|Any CPU
		{7A2B0FB5-F5D3-4D0A-BDD4-9907060EB61A}.Debug|Any CPU.Build.0 = Debug|Any CPU
		{7A2B0FB5-F5D3-4D0A-BDD4-9907060EB61A}.Release|Any CPU.ActiveCfg = Release|Any CPU
		{7A2B0FB5-F5D3-4D0A-BDD4-9907060EB61A}.Release|Any CPU.Build.0 = Release|Any CPU
	EndGlobalSection
	GlobalSection(SolutionProperties) = preSolution
		HideSolutionNode = FALSE
	EndGlobalSection
	GlobalSection(ExtensibilityGlobals) = postSolution
		SolutionGuid = {8947D04F-FFE1-4CC3-ADCC-BD42137825AB}
	EndGlobalSection
EndGlobal
